
Microsoft Visual Studio Solution File, Format Version 12.00
# Visual Studio Version 17
VisualStudioVersion = 17.3.32825.248
MinimumVisualStudioVersion = 10.0.40219.1
Project("{FAE04EC0-301F-11D3-BF4B-00C04F79EFBC}") = "MyScriptureJournal", "MyScriptureJournal\MyScriptureJournal.csproj", "{5447D291-C2C4-44C2-9883-BAA1B2836994}"
EndProject
Global
	GlobalSection(SolutionConfigurationPlatforms) = preSolution
		Debug|Any CPU = Debug|Any CPU
		Release|Any CPU = Release|Any CPU
	EndGlobalSection
	GlobalSection(ProjectConfigurationPlatforms) = postSolution
		{5447D291-C2C4-44C2-9883-BAA1B2836994}.Debug|Any CPU.ActiveCfg = Debug|Any CPU
		{5447D291-C2C4-44C2-9883-BAA1B2836994}.Debug|Any CPU.Build.0 = Debug|Any CPU
		{5447D291-C2C4-44C2-9883-BAA1B2836994}.Release|Any CPU.ActiveCfg = Release|Any CPU
		{5447D291-C2C4-44C2-9883-BAA1B2836994}.Release|Any CPU.Build.0 = Release|Any CPU
	EndGlobalSection
	GlobalSection(SolutionProperties) = preSolution
		HideSolutionNode = FALSE
	EndGlobalSection
	GlobalSection(ExtensibilityGlobals) = postSolution
		SolutionGuid = {332B2AAD-E8A2-4A55-9ADA-C4E493E715B3}
	EndGlobalSection
EndGlobal
